{
  "name": "npm-proj-1688138544519-0.498213508653341KYba2f",
  "lockfileVersion": 2,
  "requires": true,
  "packages": {
    "": {
      "dependencies": {
        "bootstrap5-tags": "^1.5.23"
      }
    },
    "node_modules/bootstrap5-tags": {
      "version": "1.5.23",
      "resolved": "https://registry.npmjs.org/bootstrap5-tags/-/bootstrap5-tags-1.5.23.tgz",
      "integrity": "sha512-9v4IQ7k+dnwhengBBsm3OQhJ9RYTUM4GfVdsm9g/1kTwpEbdNiLFXJY4ZzjHQqVL/Wbm7ecTFjFK7gG2C2s5ZQ=="
    }
  },
  "dependencies": {
    "bootstrap5-tags": {
      "version": "1.5.23",
      "resolved": "https://registry.npmjs.org/bootstrap5-tags/-/bootstrap5-tags-1.5.23.tgz",
      "integrity": "sha512-9v4IQ7k+dnwhengBBsm3OQhJ9RYTUM4GfVdsm9g/1kTwpEbdNiLFXJY4ZzjHQqVL/Wbm7ecTFjFK7gG2C2s5ZQ=="
    }
  }
}
