{
  "name": "npm-proj-1678208086778-0.8307441676176957AZpYUH",
  "lockfileVersion": 2,
  "requires": true,
  "packages": {
    "": {
      "dependencies": {
        "bootstrap5-tags": "^1.5.6"
      }
    },
    "node_modules/bootstrap5-tags": {
      "version": "1.5.6",
      "resolved": "https://registry.npmjs.org/bootstrap5-tags/-/bootstrap5-tags-1.5.6.tgz",
      "integrity": "sha512-1wRrjwNzCxIn1P+EoFt9xhBtspku21aKAdpLWfk7Inl/WRiLM+HDu/TGoz3jLW6xEyC29tlrn5UshP4B1Zzbqg=="
    }
  },
  "dependencies": {
    "bootstrap5-tags": {
      "version": "1.5.6",
      "resolved": "https://registry.npmjs.org/bootstrap5-tags/-/bootstrap5-tags-1.5.6.tgz",
      "integrity": "sha512-1wRrjwNzCxIn1P+EoFt9xhBtspku21aKAdpLWfk7Inl/WRiLM+HDu/TGoz3jLW6xEyC29tlrn5UshP4B1Zzbqg=="
    }
  }
}
