{
  "name": "npm-proj-1669830300772-0.23359203802277895rHYM9H",
  "lockfileVersion": 2,
  "requires": true,
  "packages": {
    "": {
      "dependencies": {
        "bootstrap5-tags": "^1.4.42"
      }
    },
    "node_modules/bootstrap5-tags": {
      "version": "1.4.42",
      "resolved": "https://registry.npmjs.org/bootstrap5-tags/-/bootstrap5-tags-1.4.42.tgz",
      "integrity": "sha512-JqENAkPxdgcGVFQsELhW0ULmpUe4Unhrl+5WOMaZbXpWg6EsaY/SNlygWdOL66U5V0UOnKFD2rni/PzjANVyNA=="
    }
  },
  "dependencies": {
    "bootstrap5-tags": {
      "version": "1.4.42",
      "resolved": "https://registry.npmjs.org/bootstrap5-tags/-/bootstrap5-tags-1.4.42.tgz",
      "integrity": "sha512-JqENAkPxdgcGVFQsELhW0ULmpUe4Unhrl+5WOMaZbXpWg6EsaY/SNlygWdOL66U5V0UOnKFD2rni/PzjANVyNA=="
    }
  }
}
